
Microsoft Visual Studio Solution File, Format Version 12.00
# Visual Studio Version 17
VisualStudioVersion = 17.4.33213.308
MinimumVisualStudioVersion = 10.0.40219.1
Project("{9A19103F-16F7-4668-BE54-9A1E7A4F7556}") = "Mc2.CrudTest.Core", "Mc2.CrudTest.Core\Mc2.CrudTest.Core.csproj", "{E56740A2-9B1B-4020-AEE4-FA6C94C44BEB}"
EndProject
Project("{9A19103F-16F7-4668-BE54-9A1E7A4F7556}") = "Mc2.CrudTest.SharedKernel", "Mc2.Crud.SharedKernel\Mc2.CrudTest.SharedKernel.csproj", "{C5042C7D-9473-4CAB-9643-F1B3A7499B91}"
EndProject
Project("{9A19103F-16F7-4668-BE54-9A1E7A4F7556}") = "Mc2.CrudTest.Application", "Mc2.CrudTest.Application\Mc2.CrudTest.Application.csproj", "{FFA969E1-03D5-4B7B-A72F-EAE3FB2CDE6D}"
EndProject
Project("{9A19103F-16F7-4668-BE54-9A1E7A4F7556}") = "Mc2.CrudTest.Persistence", "Mc2.CrudTest.Persistence\Mc2.CrudTest.Persistence.csproj", "{25AD34ED-2B11-4998-A9B6-F565854B9C2F}"
EndProject
Project("{9A19103F-16F7-4668-BE54-9A1E7A4F7556}") = "Mc2.CrudTest.Api", "Mc2.CrudTest.Api\Mc2.CrudTest.Api.csproj", "{92249AE4-8C64-4B9E-B11C-17E04742E1CC}"
EndProject
Project("{E53339B2-1760-4266-BCC7-CA923CBCF16C}") = "docker-compose", "docker-compose.dcproj", "{A34729C3-E140-4320-BE86-2A897824386C}"
EndProject
Project("{9A19103F-16F7-4668-BE54-9A1E7A4F7556}") = "Mc2.CrudTest.Infrastructure", "Mc2.CrudTest.Infrastructure\Mc2.CrudTest.Infrastructure.csproj", "{9F56AA20-1DC2-41CF-B534-D280148E2C46}"
EndProject
Project("{9A19103F-16F7-4668-BE54-9A1E7A4F7556}") = "Mc2.CrudTest.Identity", "Mc2.CrudTest.Identity\Mc2.CrudTest.Identity.csproj", "{2B9C1B4A-CFB7-4C44-A2B1-120EEA574963}"
EndProject
Project("{2150E333-8FDC-42A3-9474-1A3956D46DE8}") = "Tests", "Tests", "{09ADE467-4ADE-44F2-BA8B-1D680709B1A1}"
EndProject
Project("{9A19103F-16F7-4668-BE54-9A1E7A4F7556}") = "Mc2.CrudTest.Core.UnitTests", "Tests\Mc2.CrudTest.Core.UnitTests\Mc2.CrudTest.Core.UnitTests.csproj", "{A37F8EA0-7B2C-447C-9A23-AB1F8BE1D50E}"
EndProject
Project("{FAE04EC0-301F-11D3-BF4B-00C04F79EFBC}") = "Mc2.CrudTest.Application.UnitTests", "Tests\Mc2.CrudTest.Application.UnitTests\Mc2.CrudTest.Application.UnitTests.csproj", "{B793B805-6869-4426-AF6F-E00E11DB0FA3}"
EndProject
Project("{9A19103F-16F7-4668-BE54-9A1E7A4F7556}") = "Mc2.CrudTest.AcceptanceTests", "Tests\Mc2.CrudTest.AcceptanceTests\Mc2.CrudTest.AcceptanceTests.csproj", "{7C8205AB-623C-416D-A539-5E92F052287D}"
EndProject
Global
	GlobalSection(SolutionConfigurationPlatforms) = preSolution
		Debug|Any CPU = Debug|Any CPU
		Release|Any CPU = Release|Any CPU
	EndGlobalSection
	GlobalSection(ProjectConfigurationPlatforms) = postSolution
		{E56740A2-9B1B-4020-AEE4-FA6C94C44BEB}.Debug|Any CPU.ActiveCfg = Debug|Any CPU
		{E56740A2-9B1B-4020-AEE4-FA6C94C44BEB}.Debug|Any CPU.Build.0 = Debug|Any CPU
		{E56740A2-9B1B-4020-AEE4-FA6C94C44BEB}.Release|Any CPU.ActiveCfg = Release|Any CPU
		{E56740A2-9B1B-4020-AEE4-FA6C94C44BEB}.Release|Any CPU.Build.0 = Release|Any CPU
		{C5042C7D-9473-4CAB-9643-F1B3A7499B91}.Debug|Any CPU.ActiveCfg = Debug|Any CPU
		{C5042C7D-9473-4CAB-9643-F1B3A7499B91}.Debug|Any CPU.Build.0 = Debug|Any CPU
		{C5042C7D-9473-4CAB-9643-F1B3A7499B91}.Release|Any CPU.ActiveCfg = Release|Any CPU
		{C5042C7D-9473-4CAB-9643-F1B3A7499B91}.Release|Any CPU.Build.0 = Release|Any CPU
		{FFA969E1-03D5-4B7B-A72F-EAE3FB2CDE6D}.Debug|Any CPU.ActiveCfg = Debug|Any CPU
		{FFA969E1-03D5-4B7B-A72F-EAE3FB2CDE6D}.Debug|Any CPU.Build.0 = Debug|Any CPU
		{FFA969E1-03D5-4B7B-A72F-EAE3FB2CDE6D}.Release|Any CPU.ActiveCfg = Release|Any CPU
		{FFA969E1-03D5-4B7B-A72F-EAE3FB2CDE6D}.Release|Any CPU.Build.0 = Release|Any CPU
		{25AD34ED-2B11-4998-A9B6-F565854B9C2F}.Debug|Any CPU.ActiveCfg = Debug|Any CPU
		{25AD34ED-2B11-4998-A9B6-F565854B9C2F}.Debug|Any CPU.Build.0 = Debug|Any CPU
		{25AD34ED-2B11-4998-A9B6-F565854B9C2F}.Release|Any CPU.ActiveCfg = Release|Any CPU
		{25AD34ED-2B11-4998-A9B6-F565854B9C2F}.Release|Any CPU.Build.0 = Release|Any CPU
		{92249AE4-8C64-4B9E-B11C-17E04742E1CC}.Debug|Any CPU.ActiveCfg = Debug|Any CPU
		{92249AE4-8C64-4B9E-B11C-17E04742E1CC}.Debug|Any CPU.Build.0 = Debug|Any CPU
		{92249AE4-8C64-4B9E-B11C-17E04742E1CC}.Release|Any CPU.ActiveCfg = Release|Any CPU
		{92249AE4-8C64-4B9E-B11C-17E04742E1CC}.Release|Any CPU.Build.0 = Release|Any CPU
		{A34729C3-E140-4320-BE86-2A897824386C}.Debug|Any CPU.ActiveCfg = Debug|Any CPU
		{A34729C3-E140-4320-BE86-2A897824386C}.Debug|Any CPU.Build.0 = Debug|Any CPU
		{A34729C3-E140-4320-BE86-2A897824386C}.Release|Any CPU.ActiveCfg = Release|Any CPU
		{A34729C3-E140-4320-BE86-2A897824386C}.Release|Any CPU.Build.0 = Release|Any CPU
		{9F56AA20-1DC2-41CF-B534-D280148E2C46}.Debug|Any CPU.ActiveCfg = Debug|Any CPU
		{9F56AA20-1DC2-41CF-B534-D280148E2C46}.Debug|Any CPU.Build.0 = Debug|Any CPU
		{9F56AA20-1DC2-41CF-B534-D280148E2C46}.Release|Any CPU.ActiveCfg = Release|Any CPU
		{9F56AA20-1DC2-41CF-B534-D280148E2C46}.Release|Any CPU.Build.0 = Release|Any CPU
		{2B9C1B4A-CFB7-4C44-A2B1-120EEA574963}.Debug|Any CPU.ActiveCfg = Debug|Any CPU
		{2B9C1B4A-CFB7-4C44-A2B1-120EEA574963}.Debug|Any CPU.Build.0 = Debug|Any CPU
		{2B9C1B4A-CFB7-4C44-A2B1-120EEA574963}.Release|Any CPU.ActiveCfg = Release|Any CPU
		{2B9C1B4A-CFB7-4C44-A2B1-120EEA574963}.Release|Any CPU.Build.0 = Release|Any CPU
		{A37F8EA0-7B2C-447C-9A23-AB1F8BE1D50E}.Debug|Any CPU.ActiveCfg = Debug|Any CPU
		{A37F8EA0-7B2C-447C-9A23-AB1F8BE1D50E}.Debug|Any CPU.Build.0 = Debug|Any CPU
		{A37F8EA0-7B2C-447C-9A23-AB1F8BE1D50E}.Release|Any CPU.ActiveCfg = Release|Any CPU
		{A37F8EA0-7B2C-447C-9A23-AB1F8BE1D50E}.Release|Any CPU.Build.0 = Release|Any CPU
		{B793B805-6869-4426-AF6F-E00E11DB0FA3}.Debug|Any CPU.ActiveCfg = Debug|Any CPU
		{B793B805-6869-4426-AF6F-E00E11DB0FA3}.Debug|Any CPU.Build.0 = Debug|Any CPU
		{B793B805-6869-4426-AF6F-E00E11DB0FA3}.Release|Any CPU.ActiveCfg = Release|Any CPU
		{B793B805-6869-4426-AF6F-E00E11DB0FA3}.Release|Any CPU.Build.0 = Release|Any CPU
		{7C8205AB-623C-416D-A539-5E92F052287D}.Debug|Any CPU.ActiveCfg = Debug|Any CPU
		{7C8205AB-623C-416D-A539-5E92F052287D}.Debug|Any CPU.Build.0 = Debug|Any CPU
		{7C8205AB-623C-416D-A539-5E92F052287D}.Release|Any CPU.ActiveCfg = Release|Any CPU
		{7C8205AB-623C-416D-A539-5E92F052287D}.Release|Any CPU.Build.0 = Release|Any CPU
	EndGlobalSection
	GlobalSection(SolutionProperties) = preSolution
		HideSolutionNode = FALSE
	EndGlobalSection
	GlobalSection(NestedProjects) = preSolution
		{A37F8EA0-7B2C-447C-9A23-AB1F8BE1D50E} = {09ADE467-4ADE-44F2-BA8B-1D680709B1A1}
		{B793B805-6869-4426-AF6F-E00E11DB0FA3} = {09ADE467-4ADE-44F2-BA8B-1D680709B1A1}
		{7C8205AB-623C-416D-A539-5E92F052287D} = {09ADE467-4ADE-44F2-BA8B-1D680709B1A1}
	EndGlobalSection
	GlobalSection(ExtensibilityGlobals) = postSolution
		SolutionGuid = {4B5A26C9-68C1-49D9-9F32-AF907A1730C2}
	EndGlobalSection
EndGlobal
